
Microsoft Visual Studio Solution File, Format Version 12.00
# Visual Studio Version 17
VisualStudioVersion = 17.0.32014.148
MinimumVisualStudioVersion = 10.0.40219.1
Project("{888888A0-9F3D-457C-B088-3A5042F75D52}") = "Final Python Project", "Final Python Project.pyproj", "{C913525E-E34A-489F-8E07-178E45C6FB7C}"
EndProject
Global
	GlobalSection(SolutionConfigurationPlatforms) = preSolution
		Debug|Any CPU = Debug|Any CPU
		Release|Any CPU = Release|Any CPU
	EndGlobalSection
	GlobalSection(ProjectConfigurationPlatforms) = postSolution
		{C913525E-E34A-489F-8E07-178E45C6FB7C}.Debug|Any CPU.ActiveCfg = Debug|Any CPU
		{C913525E-E34A-489F-8E07-178E45C6FB7C}.Release|Any CPU.ActiveCfg = Release|Any CPU
	EndGlobalSection
	GlobalSection(SolutionProperties) = preSolution
		HideSolutionNode = FALSE
	EndGlobalSection
	GlobalSection(ExtensibilityGlobals) = postSolution
		SolutionGuid = {D4EDBF75-CD54-4D4C-9BC3-1BE1FAD006FA}
	EndGlobalSection
EndGlobal
